
Microsoft Visual Studio Solution File, Format Version 12.00
# Visual Studio Version 16
VisualStudioVersion = 16.0.29519.87
MinimumVisualStudioVersion = 10.0.40219.1
Project("{FAE04EC0-301F-11D3-BF4B-00C04F79EFBC}") = "Arduino-PC-HW-Monitor", "Arduino-PC-HW-Monitor.csproj", "{7E2DB1F6-7E04-483F-B2CF-9B6387809252}"
EndProject
Global
	GlobalSection(SolutionConfigurationPlatforms) = preSolution
		Debug|Any CPU = Debug|Any CPU
		Release|Any CPU = Release|Any CPU
	EndGlobalSection
	GlobalSection(ProjectConfigurationPlatforms) = postSolution
		{7E2DB1F6-7E04-483F-B2CF-9B6387809252}.Debug|Any CPU.ActiveCfg = Debug|Any CPU
		{7E2DB1F6-7E04-483F-B2CF-9B6387809252}.Debug|Any CPU.Build.0 = Debug|Any CPU
		{7E2DB1F6-7E04-483F-B2CF-9B6387809252}.Release|Any CPU.ActiveCfg = Release|Any CPU
		{7E2DB1F6-7E04-483F-B2CF-9B6387809252}.Release|Any CPU.Build.0 = Release|Any CPU
	EndGlobalSection
	GlobalSection(SolutionProperties) = preSolution
		HideSolutionNode = FALSE
	EndGlobalSection
	GlobalSection(ExtensibilityGlobals) = postSolution
		SolutionGuid = {776137C1-82F1-4C64-9CDA-F78D15817EE9}
	EndGlobalSection
EndGlobal
